
Microsoft Visual Studio Solution File, Format Version 12.00
# Visual Studio Version 17
VisualStudioVersion = 17.2.32616.157
MinimumVisualStudioVersion = 10.0.40219.1
Project("{9A19103F-16F7-4668-BE54-9A1E7A4F7556}") = "Jitter.Core", ".\Jitter.Core\Jitter.Core.csproj", "{27C0BDB1-7CE3-40E8-87AC-C0A6FF48A85F}"
EndProject
Global
	GlobalSection(SolutionConfigurationPlatforms) = preSolution
		Debug|Any CPU = Debug|Any CPU
		Release|Any CPU = Release|Any CPU
	EndGlobalSection
	GlobalSection(ProjectConfigurationPlatforms) = postSolution
		{27C0BDB1-7CE3-40E8-87AC-C0A6FF48A85F}.Debug|Any CPU.ActiveCfg = Debug|Any CPU
		{27C0BDB1-7CE3-40E8-87AC-C0A6FF48A85F}.Debug|Any CPU.Build.0 = Debug|Any CPU
		{27C0BDB1-7CE3-40E8-87AC-C0A6FF48A85F}.Release|Any CPU.ActiveCfg = Release|Any CPU
		{27C0BDB1-7CE3-40E8-87AC-C0A6FF48A85F}.Release|Any CPU.Build.0 = Release|Any CPU
	EndGlobalSection
	GlobalSection(SolutionProperties) = preSolution
		HideSolutionNode = FALSE
	EndGlobalSection
	GlobalSection(ExtensibilityGlobals) = postSolution
		SolutionGuid = {D341D8A8-755C-4E71-AEB7-6BBFCB2B50DC}
	EndGlobalSection
EndGlobal
